Microsoft Visual Studio Solution File, Format Version 11.00
# Visual Studio 2008

Project("{CE010FF3-AD42-1DEE-647A-4586565B0297}") = "Hack01", "Assembly-CSharp-firstpass-vs.csproj", "{A43C2AE3-4045-3380-F8F8-E9A3478ADEE5}"
EndProject
Project("{CE010FF3-AD42-1DEE-647A-4586565B0297}") = "Hack01", "Assembly-CSharp-vs.csproj", "{B169D036-27D2-874C-2527-743BFF0D669A}"
EndProject
Global
	GlobalSection(SolutionConfigurationPlatforms) = preSolution
		Debug|Any CPU = Debug|Any CPU
		Release|Any CPU = Release|Any CPU
	EndGlobalSection
	GlobalSection(ProjectConfigurationPlatforms) = postSolution
		{A43C2AE3-4045-3380-F8F8-E9A3478ADEE5}.Debug|Any CPU.ActiveCfg = Debug|Any CPU
		{A43C2AE3-4045-3380-F8F8-E9A3478ADEE5}.Debug|Any CPU.Build.0 = Debug|Any CPU
		{A43C2AE3-4045-3380-F8F8-E9A3478ADEE5}.Release|Any CPU.ActiveCfg = Release|Any CPU
		{A43C2AE3-4045-3380-F8F8-E9A3478ADEE5}.Release|Any CPU.Build.0 = Release|Any CPU
		{B169D036-27D2-874C-2527-743BFF0D669A}.Debug|Any CPU.ActiveCfg = Debug|Any CPU
		{B169D036-27D2-874C-2527-743BFF0D669A}.Debug|Any CPU.Build.0 = Debug|Any CPU
		{B169D036-27D2-874C-2527-743BFF0D669A}.Release|Any CPU.ActiveCfg = Release|Any CPU
		{B169D036-27D2-874C-2527-743BFF0D669A}.Release|Any CPU.Build.0 = Release|Any CPU
	EndGlobalSection
	GlobalSection(SolutionProperties) = preSolution
		HideSolutionNode = FALSE
	EndGlobalSection
																	GlobalSection(MonoDevelopProperties) = preSolution
		StartupItem = Assembly-CSharp.csproj
		Policies = $0
		$0.TextStylePolicy = $1
		$1.inheritsSet = null
		$1.scope = text/x-csharp
		$0.CSharpFormattingPolicy = $2
		$2.inheritsSet = Mono
		$2.inheritsScope = text/x-csharp
		$2.scope = text/x-csharp
		$0.TextStylePolicy = $3
		$3.FileWidth = 120
		$3.TabWidth = 4
		$3.EolMarker = Unix
		$3.inheritsSet = Mono
		$3.inheritsScope = text/plain
		$3.scope = text/plain
	EndGlobalSection

EndGlobal
